
Microsoft Visual Studio Solution File, Format Version 12.00
# Visual Studio Version 16
VisualStudioVersion = 16.0.30804.86
MinimumVisualStudioVersion = 10.0.40219.1
Project("{2150E333-8FDC-42A3-9474-1A3956D46DE8}") = "Solution items", "Solution items", "{32F81141-A8B2-45FC-826D-E794062F7E41}"
	ProjectSection(SolutionItems) = preProject
		.gitattributes = .gitattributes
		.gitignore = .gitignore
		README.md = README.md
	EndProjectSection
EndProject
Project("{9A19103F-16F7-4668-BE54-9A1E7A4F7556}") = "Tests.Unit", "Tests.Unit\Tests.Unit.csproj", "{D5FE8E70-1243-4EC8-BC30-9D43CDC68929}"
EndProject
Project("{9A19103F-16F7-4668-BE54-9A1E7A4F7556}") = "Program", "Program\Program.csproj", "{CA87AC97-5E94-40BC-B819-1E9B48BE9D4E}"
EndProject
Project("{FAE04EC0-301F-11D3-BF4B-00C04F79EFBC}") = "Library", "Library\Library.csproj", "{8C41AC72-7476-4603-8843-48CEAD29134A}"
EndProject
Global
	GlobalSection(SolutionConfigurationPlatforms) = preSolution
		Debug|Any CPU = Debug|Any CPU
		Release|Any CPU = Release|Any CPU
	EndGlobalSection
	GlobalSection(ProjectConfigurationPlatforms) = postSolution
		{D5FE8E70-1243-4EC8-BC30-9D43CDC68929}.Debug|Any CPU.ActiveCfg = Debug|Any CPU
		{D5FE8E70-1243-4EC8-BC30-9D43CDC68929}.Debug|Any CPU.Build.0 = Debug|Any CPU
		{D5FE8E70-1243-4EC8-BC30-9D43CDC68929}.Release|Any CPU.ActiveCfg = Release|Any CPU
		{D5FE8E70-1243-4EC8-BC30-9D43CDC68929}.Release|Any CPU.Build.0 = Release|Any CPU
		{CA87AC97-5E94-40BC-B819-1E9B48BE9D4E}.Debug|Any CPU.ActiveCfg = Debug|Any CPU
		{CA87AC97-5E94-40BC-B819-1E9B48BE9D4E}.Debug|Any CPU.Build.0 = Debug|Any CPU
		{CA87AC97-5E94-40BC-B819-1E9B48BE9D4E}.Release|Any CPU.ActiveCfg = Release|Any CPU
		{CA87AC97-5E94-40BC-B819-1E9B48BE9D4E}.Release|Any CPU.Build.0 = Release|Any CPU
		{8C41AC72-7476-4603-8843-48CEAD29134A}.Debug|Any CPU.ActiveCfg = Debug|Any CPU
		{8C41AC72-7476-4603-8843-48CEAD29134A}.Debug|Any CPU.Build.0 = Debug|Any CPU
		{8C41AC72-7476-4603-8843-48CEAD29134A}.Release|Any CPU.ActiveCfg = Release|Any CPU
		{8C41AC72-7476-4603-8843-48CEAD29134A}.Release|Any CPU.Build.0 = Release|Any CPU
	EndGlobalSection
	GlobalSection(SolutionProperties) = preSolution
		HideSolutionNode = FALSE
	EndGlobalSection
	GlobalSection(ExtensibilityGlobals) = postSolution
		SolutionGuid = {B8C2A414-7266-4C8A-9BAA-F42AA3EACD63}
	EndGlobalSection
EndGlobal
